<?xml version="1.0" encoding="utf-8"?>
<Project ToolsVersion="4.0" xmlns="http://schemas.microsoft.com/developer/msbuild/2003">
  <ItemGroup>
    <Filter Include="Source Files">
      <UniqueIdentifier>{4FC737F1-C7A5-4376-A066-2A32D752A2FF}</UniqueIdentifier>
      <Extensions>cpp;c;cc;cxx;def;odl;idl;hpj;bat;asm;asmx</Extensions>
    </Filter>
    <Filter Include="Header Files">
      <UniqueIdentifier>{93995380-89BD-4b04-88EB-625FBE52EBFB}</UniqueIdentifier>
      <Extensions>h;hpp;hxx;hm;inl;inc;xsd</Extensions>
    </Filter>
    <Filter Include="Resource Files">
      <UniqueIdentifier>{67DA6AB6-F800-4c08-8B7A-83BB121AAD01}</UniqueIdentifier>
      <Extensions>rc;ico;cur;bmp;dlg;rc2;rct;bin;rgs;gif;jpg;jpeg;jpe;resx;tiff;tif;png;wav;mfcribbon-ms</Extensions>
    </Filter>
    <Filter Include="ciphers">
      <UniqueIdentifier>{bdbb94d2-8706-458c-9b1e-54b4d5c7c63f}</UniqueIdentifier>
    </Filter>
    <Filter Include="encauth">
      <UniqueIdentifier>{6c53f6ca-09bd-4116-bcc5-49c371c4dd90}</UniqueIdentifier>
    </Filter>
    <Filter Include="encauth\ccm">
      <UniqueIdentifier>{a759bb28-9147-4ed6-8c0d-456309636078}</UniqueIdentifier>
    </Filter>
    <Filter Include="encauth\eax">
      <UniqueIdentifier>{2c6c911d-6756-4b69-aa48-03ae380f60b9}</UniqueIdentifier>
    </Filter>
    <Filter Include="encauth\gcm">
      <UniqueIdentifier>{af469088-4ee9-458e-a31c-61860cc3a7eb}</UniqueIdentifier>
    </Filter>
    <Filter Include="encauth\ocb">
      <UniqueIdentifier>{8e88453d-fada-498e-b8b3-a8c05562e3fd}</UniqueIdentifier>
    </Filter>
    <Filter Include="hashes">
      <UniqueIdentifier>{411fe745-1eea-4b06-b833-d3c2e1474873}</UniqueIdentifier>
    </Filter>
    <Filter Include="mac">
      <UniqueIdentifier>{adaf2f06-241b-48c9-aca9-0e2e7945bff4}</UniqueIdentifier>
    </Filter>
    <Filter Include="mac\f9">
      <UniqueIdentifier>{9aa326d9-85bc-44c2-afa0-8bfa84d37c60}</UniqueIdentifier>
    </Filter>
    <Filter Include="mac\hmac">
      <UniqueIdentifier>{384623b9-43d1-4663-8128-3bf5fcee1c68}</UniqueIdentifier>
    </Filter>
    <Filter Include="mac\omac">
      <UniqueIdentifier>{188ee6a4-68cc-466b-858e-52ba212ac43e}</UniqueIdentifier>
    </Filter>
    <Filter Include="mac\pelican">
      <UniqueIdentifier>{31826383-14e6-4cd1-8d7c-d4dc8befcb27}</UniqueIdentifier>
    </Filter>
    <Filter Include="mac\pmac">
      <UniqueIdentifier>{719fdf0a-8d69-44d8-bcff-ea830e784066}</UniqueIdentifier>
    </Filter>
    <Filter Include="mac\xcbc">
      <UniqueIdentifier>{6a913f94-7c04-4b89-b787-ebca3691b88a}</UniqueIdentifier>
    </Filter>
    <Filter Include="math">
      <UniqueIdentifier>{f61aea1a-1cb6-4531-9045-37a6a5487bc9}</UniqueIdentifier>
    </Filter>
    <Filter Include="math\fp">
      <UniqueIdentifier>{599c2c44-f967-4029-8e28-04ebce8d248f}</UniqueIdentifier>
    </Filter>
    <Filter Include="ciphers\aes">
      <UniqueIdentifier>{31ed26cc-2fb4-48a4-a7c5-8ca06f992d75}</UniqueIdentifier>
    </Filter>
    <Filter Include="ciphers\safer">
      <UniqueIdentifier>{b697dbfc-559f-43b2-81dc-7b8374dcfea7}</UniqueIdentifier>
    </Filter>
    <Filter Include="ciphers\twofish">
      <UniqueIdentifier>{745c5058-b2d1-4a01-af29-ed0c1f927219}</UniqueIdentifier>
    </Filter>
    <Filter Include="hashes\whirl">
      <UniqueIdentifier>{bf882bbe-ce77-4007-acb7-c454882a0a12}</UniqueIdentifier>
    </Filter>
    <Filter Include="hashes\sha2">
      <UniqueIdentifier>{23bc8cd7-88b4-4693-a359-37606cb3c8f3}</UniqueIdentifier>
    </Filter>
    <Filter Include="hashes\helper">
      <UniqueIdentifier>{d2b43e80-2ff2-4ee3-920b-9ee1cf7d448b}</UniqueIdentifier>
    </Filter>
    <Filter Include="hashes\chc">
      <UniqueIdentifier>{94456c97-514d-4d8b-b93f-8be92751dd81}</UniqueIdentifier>
    </Filter>
    <Filter Include="misc">
      <UniqueIdentifier>{552a1534-6f6a-44cb-9da5-760755234e66}</UniqueIdentifier>
    </Filter>
    <Filter Include="misc\base64">
      <UniqueIdentifier>{3515d37d-4291-450c-b2b2-285e0dbb7679}</UniqueIdentifier>
    </Filter>
    <Filter Include="misc\crypt">
      <UniqueIdentifier>{fff9c27b-4b5e-4166-9f3b-30426ca31142}</UniqueIdentifier>
    </Filter>
    <Filter Include="misc\pkcs">
      <UniqueIdentifier>{029a031a-3f5e-465a-a9b3-a36decb2a468}</UniqueIdentifier>
    </Filter>
    <Filter Include="modes">
      <UniqueIdentifier>{2fce2c81-0347-4790-96ce-7d3a0a8e6989}</UniqueIdentifier>
    </Filter>
    <Filter Include="modes\cbc">
      <UniqueIdentifier>{ee8c90b7-d645-4df3-a0fa-3e75fbf77376}</UniqueIdentifier>
    </Filter>
    <Filter Include="modes\cfb">
      <UniqueIdentifier>{52ed75b9-c01e-450a-a2d3-bbe7c1e45528}</UniqueIdentifier>
    </Filter>
    <Filter Include="modes\ctr">
      <UniqueIdentifier>{2e8101b5-a306-43ea-a295-5b962957a9e2}</UniqueIdentifier>
    </Filter>
    <Filter Include="modes\ecb">
      <UniqueIdentifier>{b1f2a283-4dd0-47aa-a837-b4a52750226c}</UniqueIdentifier>
    </Filter>
    <Filter Include="modes\f8">
      <UniqueIdentifier>{399b05d6-46cf-49f4-88c2-12d196442744}</UniqueIdentifier>
    </Filter>
    <Filter Include="modes\lrw">
      <UniqueIdentifier>{72e8974c-f1ca-48af-bb3c-d68aafd2c009}</UniqueIdentifier>
    </Filter>
    <Filter Include="modes\ofb">
      <UniqueIdentifier>{9af0e408-830b-4d6b-a7d6-e3741f51a8bd}</UniqueIdentifier>
    </Filter>
    <Filter Include="modes\xts">
      <UniqueIdentifier>{7de8fb89-0a5a-47a2-80d7-c0bd2b126541}</UniqueIdentifier>
    </Filter>
    <Filter Include="pk">
      <UniqueIdentifier>{f9ccb41b-27f8-420b-a200-2bc4649ae173}</UniqueIdentifier>
    </Filter>
    <Filter Include="pk\asn1">
      <UniqueIdentifier>{06806d9a-ba1d-4129-aeb8-eaf4576bc083}</UniqueIdentifier>
    </Filter>
    <Filter Include="pk\asn1\der">
      <UniqueIdentifier>{72d941a2-6af3-4639-9d20-0802c06f04dc}</UniqueIdentifier>
    </Filter>
    <Filter Include="pk\asn1\der\bit">
      <UniqueIdentifier>{350cda20-c26b-424e-be37-57ea7cd472bb}</UniqueIdentifier>
    </Filter>
    <Filter Include="pk\asn1\der\boolean">
      <UniqueIdentifier>{b06c80f7-1557-4526-ba3d-1e99bce73857}</UniqueIdentifier>
    </Filter>
    <Filter Include="pk\asn1\der\choice">
      <UniqueIdentifier>{1daabe3b-65fc-48e2-8832-fc6efd44ae1a}</UniqueIdentifier>
    </Filter>
    <Filter Include="pk\asn1\der\ia5">
      <UniqueIdentifier>{8d7df4c6-7a62-4f96-b137-f1e6c5fee558}</UniqueIdentifier>
    </Filter>
    <Filter Include="pk\asn1\der\integer">
      <UniqueIdentifier>{0af0bf4f-9dc6-4c28-9236-3e0670162fcb}</UniqueIdentifier>
    </Filter>
    <Filter Include="pk\asn1\der\object_identifier">
      <UniqueIdentifier>{78c54b8c-06c3-4e84-bc0f-4c90c88de1f2}</UniqueIdentifier>
    </Filter>
    <Filter Include="pk\asn1\der\octet">
      <UniqueIdentifier>{02838a14-7c4f-437a-b449-8fa5127f1d16}</UniqueIdentifier>
    </Filter>
    <Filter Include="pk\asn1\der\printable_string">
      <UniqueIdentifier>{bff2ac37-65e6-4549-8066-e3535ca92191}</UniqueIdentifier>
    </Filter>
    <Filter Include="pk\asn1\der\sequence">
      <UniqueIdentifier>{2c41fdfa-6e91-4740-803a-6d24e23d9aed}</UniqueIdentifier>
    </Filter>
    <Filter Include="pk\asn1\der\set">
      <UniqueIdentifier>{c0e041c1-ff60-4641-899e-54c074258642}</UniqueIdentifier>
    </Filter>
    <Filter Include="pk\asn1\der\short_integer">
      <UniqueIdentifier>{1f534999-d77a-404c-afab-feb72ac7687d}</UniqueIdentifier>
    </Filter>
    <Filter Include="pk\asn1\der\utctime">
      <UniqueIdentifier>{4a0d87ad-58ca-4c5b-a711-dd13e92f82dc}</UniqueIdentifier>
    </Filter>
    <Filter Include="pk\asn1\der\utf8">
      <UniqueIdentifier>{3eb1a9a0-ac11-4f67-bf15-11f6ecd12607}</UniqueIdentifier>
    </Filter>
    <Filter Include="pk\dh">
      <UniqueIdentifier>{d294cede-c254-41ea-b66d-96f87e84918b}</UniqueIdentifier>
    </Filter>
    <Filter Include="pk\dsa">
      <UniqueIdentifier>{96072409-c1f5-44e6-95a1-86b7a82d1d02}</UniqueIdentifier>
    </Filter>
    <Filter Include="pk\ecc">
      <UniqueIdentifier>{64f1b14a-d7cb-4148-b264-f1ff4bc5b1fb}</UniqueIdentifier>
    </Filter>
    <Filter Include="pk\katja">
      <UniqueIdentifier>{94bb89ee-fba9-47ad-aedb-58c4bf87d6e1}</UniqueIdentifier>
    </Filter>
    <Filter Include="pk\pkcs1">
      <UniqueIdentifier>{9794cec7-08d3-4d3a-b6f5-322ab2fc2653}</UniqueIdentifier>
    </Filter>
    <Filter Include="pk\rsa">
      <UniqueIdentifier>{3e394b65-bc10-4537-a336-9649f56a6323}</UniqueIdentifier>
    </Filter>
    <Filter Include="prngs">
      <UniqueIdentifier>{a00d288e-d776-4868-8cb8-39906bc34070}</UniqueIdentifier>
    </Filter>
  </ItemGroup>
  <ItemGroup>
    <ClCompile Include="..\src\ciphers\anubis.c">
      <Filter>ciphers</Filter>
    </ClCompile>
    <ClCompile Include="..\src\ciphers\blowfish.c">
      <Filter>ciphers</Filter>
    </ClCompile>
    <ClCompile Include="..\src\ciphers\camellia.c">
      <Filter>ciphers</Filter>
    </ClCompile>
    <ClCompile Include="..\src\ciphers\cast5.c">
      <Filter>ciphers</Filter>
    </ClCompile>
    <ClCompile Include="..\src\ciphers\des.c">
      <Filter>ciphers</Filter>
    </ClCompile>
    <ClCompile Include="..\src\ciphers\kasumi.c">
      <Filter>ciphers</Filter>
    </ClCompile>
    <ClCompile Include="..\src\ciphers\khazad.c">
      <Filter>ciphers</Filter>
    </ClCompile>
    <ClCompile Include="..\src\ciphers\kseed.c">
      <Filter>ciphers</Filter>
    </ClCompile>
    <ClCompile Include="..\src\ciphers\multi2.c">
      <Filter>ciphers</Filter>
    </ClCompile>
    <ClCompile Include="..\src\ciphers\noekeon.c">
      <Filter>ciphers</Filter>
    </ClCompile>
    <ClCompile Include="..\src\ciphers\rc2.c">
      <Filter>ciphers</Filter>
    </ClCompile>
    <ClCompile Include="..\src\ciphers\rc5.c">
      <Filter>ciphers</Filter>
    </ClCompile>
    <ClCompile Include="..\src\ciphers\rc6.c">
      <Filter>ciphers</Filter>
    </ClCompile>
    <ClCompile Include="..\src\ciphers\skipjack.c">
      <Filter>ciphers</Filter>
    </ClCompile>
    <ClCompile Include="..\src\ciphers\xtea.c">
      <Filter>ciphers</Filter>
    </ClCompile>
    <ClCompile Include="..\src\ciphers\safer\safer.c">
      <Filter>ciphers\safer</Filter>
    </ClCompile>
    <ClCompile Include="..\src\ciphers\safer\safer_tab.c">
      <Filter>ciphers\safer</Filter>
    </ClCompile>
    <ClCompile Include="..\src\ciphers\safer\saferp.c">
      <Filter>ciphers\safer</Filter>
    </ClCompile>
    <ClCompile Include="..\src\ciphers\twofish\twofish.c">
      <Filter>ciphers\twofish</Filter>
    </ClCompile>
    <ClCompile Include="..\src\ciphers\twofish\twofish_tab.c">
      <Filter>ciphers\twofish</Filter>
    </ClCompile>
    <ClCompile Include="..\src\encauth\ccm\ccm_memory.c">
      <Filter>encauth\ccm</Filter>
    </ClCompile>
    <ClCompile Include="..\src\encauth\ccm\ccm_memory_ex.c">
      <Filter>encauth\ccm</Filter>
    </ClCompile>
    <ClCompile Include="..\src\encauth\ccm\ccm_test.c">
      <Filter>encauth\ccm</Filter>
    </ClCompile>
    <ClCompile Include="..\src\encauth\eax\eax_addheader.c">
      <Filter>encauth\eax</Filter>
    </ClCompile>
    <ClCompile Include="..\src\encauth\eax\eax_decrypt.c">
      <Filter>encauth\eax</Filter>
    </ClCompile>
    <ClCompile Include="..\src\encauth\eax\eax_decrypt_verify_memory.c">
      <Filter>encauth\eax</Filter>
    </ClCompile>
    <ClCompile Include="..\src\encauth\eax\eax_done.c">
      <Filter>encauth\eax</Filter>
    </ClCompile>
    <ClCompile Include="..\src\encauth\eax\eax_encrypt.c">
      <Filter>encauth\eax</Filter>
    </ClCompile>
    <ClCompile Include="..\src\encauth\eax\eax_encrypt_authenticate_memory.c">
      <Filter>encauth\eax</Filter>
    </ClCompile>
    <ClCompile Include="..\src\encauth\eax\eax_init.c">
      <Filter>encauth\eax</Filter>
    </ClCompile>
    <ClCompile Include="..\src\encauth\eax\eax_test.c">
      <Filter>encauth\eax</Filter>
    </ClCompile>
    <ClCompile Include="..\src\encauth\gcm\gcm_add_aad.c">
      <Filter>encauth\gcm</Filter>
    </ClCompile>
    <ClCompile Include="..\src\encauth\gcm\gcm_add_iv.c">
      <Filter>encauth\gcm</Filter>
    </ClCompile>
    <ClCompile Include="..\src\encauth\gcm\gcm_done.c">
      <Filter>encauth\gcm</Filter>
    </ClCompile>
    <ClCompile Include="..\src\encauth\gcm\gcm_gf_mult.c">
      <Filter>encauth\gcm</Filter>
    </ClCompile>
    <ClCompile Include="..\src\encauth\gcm\gcm_init.c">
      <Filter>encauth\gcm</Filter>
    </ClCompile>
    <ClCompile Include="..\src\encauth\gcm\gcm_memory.c">
      <Filter>encauth\gcm</Filter>
    </ClCompile>
    <ClCompile Include="..\src\encauth\gcm\gcm_mult_h.c">
      <Filter>encauth\gcm</Filter>
    </ClCompile>
    <ClCompile Include="..\src\encauth\gcm\gcm_process.c">
      <Filter>encauth\gcm</Filter>
    </ClCompile>
    <ClCompile Include="..\src\encauth\gcm\gcm_reset.c">
      <Filter>encauth\gcm</Filter>
    </ClCompile>
    <ClCompile Include="..\src\encauth\gcm\gcm_test.c">
      <Filter>encauth\gcm</Filter>
    </ClCompile>
    <ClCompile Include="..\src\encauth\ocb\ocb_decrypt.c">
      <Filter>encauth\ocb</Filter>
    </ClCompile>
    <ClCompile Include="..\src\encauth\ocb\ocb_decrypt_verify_memory.c">
      <Filter>encauth\ocb</Filter>
    </ClCompile>
    <ClCompile Include="..\src\encauth\ocb\ocb_done_decrypt.c">
      <Filter>encauth\ocb</Filter>
    </ClCompile>
    <ClCompile Include="..\src\encauth\ocb\ocb_done_encrypt.c">
      <Filter>encauth\ocb</Filter>
    </ClCompile>
    <ClCompile Include="..\src\encauth\ocb\ocb_encrypt.c">
      <Filter>encauth\ocb</Filter>
    </ClCompile>
    <ClCompile Include="..\src\encauth\ocb\ocb_encrypt_authenticate_memory.c">
      <Filter>encauth\ocb</Filter>
    </ClCompile>
    <ClCompile Include="..\src\encauth\ocb\ocb_init.c">
      <Filter>encauth\ocb</Filter>
    </ClCompile>
    <ClCompile Include="..\src\encauth\ocb\ocb_ntz.c">
      <Filter>encauth\ocb</Filter>
    </ClCompile>
    <ClCompile Include="..\src\encauth\ocb\ocb_shift_xor.c">
      <Filter>encauth\ocb</Filter>
    </ClCompile>
    <ClCompile Include="..\src\encauth\ocb\ocb_test.c">
      <Filter>encauth\ocb</Filter>
    </ClCompile>
    <ClCompile Include="..\src\encauth\ocb\s_ocb_done.c">
      <Filter>encauth\ocb</Filter>
    </ClCompile>
    <ClCompile Include="..\src\hashes\md2.c">
      <Filter>hashes</Filter>
    </ClCompile>
    <ClCompile Include="..\src\hashes\md4.c">
      <Filter>hashes</Filter>
    </ClCompile>
    <ClCompile Include="..\src\hashes\md5.c">
      <Filter>hashes</Filter>
    </ClCompile>
    <ClCompile Include="..\src\hashes\rmd128.c">
      <Filter>hashes</Filter>
    </ClCompile>
    <ClCompile Include="..\src\hashes\rmd160.c">
      <Filter>hashes</Filter>
    </ClCompile>
    <ClCompile Include="..\src\hashes\rmd256.c">
      <Filter>hashes</Filter>
    </ClCompile>
    <ClCompile Include="..\src\hashes\rmd320.c">
      <Filter>hashes</Filter>
    </ClCompile>
    <ClCompile Include="..\src\hashes\sha1.c">
      <Filter>hashes</Filter>
    </ClCompile>
    <ClCompile Include="..\src\hashes\tiger.c">
      <Filter>hashes</Filter>
    </ClCompile>
    <ClCompile Include="..\src\hashes\helper\hash_file.c">
      <Filter>hashes\helper</Filter>
    </ClCompile>
    <ClCompile Include="..\src\hashes\helper\hash_filehandle.c">
      <Filter>hashes\helper</Filter>
    </ClCompile>
    <ClCompile Include="..\src\hashes\helper\hash_memory.c">
      <Filter>hashes\helper</Filter>
    </ClCompile>
    <ClCompile Include="..\src\hashes\helper\hash_memory_multi.c">
      <Filter>hashes\helper</Filter>
    </ClCompile>
    <ClCompile Include="..\src\hashes\sha2\sha256.c">
      <Filter>hashes\sha2</Filter>
    </ClCompile>
    <ClCompile Include="..\src\hashes\sha2\sha512.c">
      <Filter>hashes\sha2</Filter>
    </ClCompile>
    <ClCompile Include="..\src\hashes\whirl\whirl.c">
      <Filter>hashes\whirl</Filter>
    </ClCompile>
    <ClCompile Include="..\src\mac\f9\f9_done.c">
      <Filter>mac\f9</Filter>
    </ClCompile>
    <ClCompile Include="..\src\mac\f9\f9_file.c">
      <Filter>mac\f9</Filter>
    </ClCompile>
    <ClCompile Include="..\src\mac\f9\f9_init.c">
      <Filter>mac\f9</Filter>
    </ClCompile>
    <ClCompile Include="..\src\mac\f9\f9_memory.c">
      <Filter>mac\f9</Filter>
    </ClCompile>
    <ClCompile Include="..\src\mac\f9\f9_memory_multi.c">
      <Filter>mac\f9</Filter>
    </ClCompile>
    <ClCompile Include="..\src\mac\f9\f9_process.c">
      <Filter>mac\f9</Filter>
    </ClCompile>
    <ClCompile Include="..\src\mac\f9\f9_test.c">
      <Filter>mac\f9</Filter>
    </ClCompile>
    <ClCompile Include="..\src\mac\hmac\hmac_done.c">
      <Filter>mac\hmac</Filter>
    </ClCompile>
    <ClCompile Include="..\src\mac\hmac\hmac_file.c">
      <Filter>mac\hmac</Filter>
    </ClCompile>
    <ClCompile Include="..\src\mac\hmac\hmac_init.c">
      <Filter>mac\hmac</Filter>
    </ClCompile>
    <ClCompile Include="..\src\mac\hmac\hmac_memory.c">
      <Filter>mac\hmac</Filter>
    </ClCompile>
    <ClCompile Include="..\src\mac\hmac\hmac_memory_multi.c">
      <Filter>mac\hmac</Filter>
    </ClCompile>
    <ClCompile Include="..\src\mac\hmac\hmac_process.c">
      <Filter>mac\hmac</Filter>
    </ClCompile>
    <ClCompile Include="..\src\mac\hmac\hmac_test.c">
      <Filter>mac\hmac</Filter>
    </ClCompile>
    <ClCompile Include="..\src\mac\omac\omac_done.c">
      <Filter>mac\omac</Filter>
    </ClCompile>
    <ClCompile Include="..\src\mac\omac\omac_file.c">
      <Filter>mac\omac</Filter>
    </ClCompile>
    <ClCompile Include="..\src\mac\omac\omac_init.c">
      <Filter>mac\omac</Filter>
    </ClCompile>
    <ClCompile Include="..\src\mac\omac\omac_memory.c">
      <Filter>mac\omac</Filter>
    </ClCompile>
    <ClCompile Include="..\src\mac\omac\omac_memory_multi.c">
      <Filter>mac\omac</Filter>
    </ClCompile>
    <ClCompile Include="..\src\mac\omac\omac_process.c">
      <Filter>mac\omac</Filter>
    </ClCompile>
    <ClCompile Include="..\src\mac\omac\omac_test.c">
      <Filter>mac\omac</Filter>
    </ClCompile>
    <ClCompile Include="..\src\mac\pmac\pmac_done.c">
      <Filter>mac\pmac</Filter>
    </ClCompile>
    <ClCompile Include="..\src\mac\pmac\pmac_file.c">
      <Filter>mac\pmac</Filter>
    </ClCompile>
    <ClCompile Include="..\src\mac\pmac\pmac_init.c">
      <Filter>mac\pmac</Filter>
    </ClCompile>
    <ClCompile Include="..\src\mac\pmac\pmac_memory.c">
      <Filter>mac\pmac</Filter>
    </ClCompile>
    <ClCompile Include="..\src\mac\pmac\pmac_memory_multi.c">
      <Filter>mac\pmac</Filter>
    </ClCompile>
    <ClCompile Include="..\src\mac\pmac\pmac_ntz.c">
      <Filter>mac\pmac</Filter>
    </ClCompile>
    <ClCompile Include="..\src\mac\pmac\pmac_process.c">
      <Filter>mac\pmac</Filter>
    </ClCompile>
    <ClCompile Include="..\src\mac\pmac\pmac_shift_xor.c">
      <Filter>mac\pmac</Filter>
    </ClCompile>
    <ClCompile Include="..\src\mac\pmac\pmac_test.c">
      <Filter>mac\pmac</Filter>
    </ClCompile>
    <ClCompile Include="..\src\mac\xcbc\xcbc_done.c">
      <Filter>mac\xcbc</Filter>
    </ClCompile>
    <ClCompile Include="..\src\mac\xcbc\xcbc_file.c">
      <Filter>mac\xcbc</Filter>
    </ClCompile>
    <ClCompile Include="..\src\mac\xcbc\xcbc_init.c">
      <Filter>mac\xcbc</Filter>
    </ClCompile>
    <ClCompile Include="..\src\mac\xcbc\xcbc_memory.c">
      <Filter>mac\xcbc</Filter>
    </ClCompile>
    <ClCompile Include="..\src\mac\xcbc\xcbc_memory_multi.c">
      <Filter>mac\xcbc</Filter>
    </ClCompile>
    <ClCompile Include="..\src\mac\xcbc\xcbc_process.c">
      <Filter>mac\xcbc</Filter>
    </ClCompile>
    <ClCompile Include="..\src\mac\xcbc\xcbc_test.c">
      <Filter>mac\xcbc</Filter>
    </ClCompile>
    <ClCompile Include="..\src\math\gmp_desc.c">
      <Filter>math</Filter>
    </ClCompile>
    <ClCompile Include="..\src\math\ltm_desc.c">
      <Filter>math</Filter>
    </ClCompile>
    <ClCompile Include="..\src\math\multi.c">
      <Filter>math</Filter>
    </ClCompile>
    <ClCompile Include="..\src\math\rand_prime.c">
      <Filter>math</Filter>
    </ClCompile>
    <ClCompile Include="..\src\math\tfm_desc.c">
      <Filter>math</Filter>
    </ClCompile>
    <ClCompile Include="..\src\math\fp\ltc_ecc_fp_mulmod.c">
      <Filter>math\fp</Filter>
    </ClCompile>
    <ClCompile Include="..\src\hashes\chc\chc.c">
      <Filter>hashes\chc</Filter>
    </ClCompile>
    <ClCompile Include="..\src\misc\burn_stack.c">
      <Filter>misc</Filter>
    </ClCompile>
    <ClCompile Include="..\src\misc\error_to_string.c">
      <Filter>misc</Filter>
    </ClCompile>
    <ClCompile Include="..\src\misc\pk_get_oid.c">
      <Filter>misc</Filter>
    </ClCompile>
    <ClCompile Include="..\src\misc\zeromem.c">
      <Filter>misc</Filter>
    </ClCompile>
    <ClCompile Include="..\src\misc\base64\base64_decode.c">
      <Filter>misc\base64</Filter>
    </ClCompile>
    <ClCompile Include="..\src\misc\base64\base64_encode.c">
      <Filter>misc\base64</Filter>
    </ClCompile>
    <ClCompile Include="..\src\misc\crypt\crypt.c">
      <Filter>misc\crypt</Filter>
    </ClCompile>
    <ClCompile Include="..\src\misc\crypt\crypt_argchk.c">
      <Filter>misc\crypt</Filter>
    </ClCompile>
    <ClCompile Include="..\src\misc\crypt\crypt_cipher_descriptor.c">
      <Filter>misc\crypt</Filter>
    </ClCompile>
    <ClCompile Include="..\src\misc\crypt\crypt_cipher_is_valid.c">
      <Filter>misc\crypt</Filter>
    </ClCompile>
    <ClCompile Include="..\src\misc\crypt\crypt_find_cipher.c">
      <Filter>misc\crypt</Filter>
    </ClCompile>
    <ClCompile Include="..\src\misc\crypt\crypt_find_cipher_any.c">
      <Filter>misc\crypt</Filter>
    </ClCompile>
    <ClCompile Include="..\src\misc\crypt\crypt_find_cipher_id.c">
      <Filter>misc\crypt</Filter>
    </ClCompile>
    <ClCompile Include="..\src\misc\crypt\crypt_find_hash.c">
      <Filter>misc\crypt</Filter>
    </ClCompile>
    <ClCompile Include="..\src\misc\crypt\crypt_find_hash_any.c">
      <Filter>misc\crypt</Filter>
    </ClCompile>
    <ClCompile Include="..\src\misc\crypt\crypt_find_hash_id.c">
      <Filter>misc\crypt</Filter>
    </ClCompile>
    <ClCompile Include="..\src\misc\crypt\crypt_find_hash_oid.c">
      <Filter>misc\crypt</Filter>
    </ClCompile>
    <ClCompile Include="..\src\misc\crypt\crypt_find_prng.c">
      <Filter>misc\crypt</Filter>
    </ClCompile>
    <ClCompile Include="..\src\misc\crypt\crypt_fsa.c">
      <Filter>misc\crypt</Filter>
    </ClCompile>
    <ClCompile Include="..\src\misc\crypt\crypt_hash_descriptor.c">
      <Filter>misc\crypt</Filter>
    </ClCompile>
    <ClCompile Include="..\src\misc\crypt\crypt_hash_is_valid.c">
      <Filter>misc\crypt</Filter>
    </ClCompile>
    <ClCompile Include="..\src\misc\crypt\crypt_ltc_mp_descriptor.c">
      <Filter>misc\crypt</Filter>
    </ClCompile>
    <ClCompile Include="..\src\misc\crypt\crypt_prng_descriptor.c">
      <Filter>misc\crypt</Filter>
    </ClCompile>
    <ClCompile Include="..\src\misc\crypt\crypt_prng_is_valid.c">
      <Filter>misc\crypt</Filter>
    </ClCompile>
    <ClCompile Include="..\src\misc\crypt\crypt_register_cipher.c">
      <Filter>misc\crypt</Filter>
    </ClCompile>
    <ClCompile Include="..\src\misc\crypt\crypt_register_hash.c">
      <Filter>misc\crypt</Filter>
    </ClCompile>
    <ClCompile Include="..\src\misc\crypt\crypt_register_prng.c">
      <Filter>misc\crypt</Filter>
    </ClCompile>
    <ClCompile Include="..\src\misc\crypt\crypt_unregister_cipher.c">
      <Filter>misc\crypt</Filter>
    </ClCompile>
    <ClCompile Include="..\src\misc\crypt\crypt_unregister_hash.c">
      <Filter>misc\crypt</Filter>
    </ClCompile>
    <ClCompile Include="..\src\misc\crypt\crypt_unregister_prng.c">
      <Filter>misc\crypt</Filter>
    </ClCompile>
    <ClCompile Include="..\src\misc\pkcs5\pkcs_5_1.c">
      <Filter>misc\pkcs</Filter>
    </ClCompile>
    <ClCompile Include="..\src\misc\pkcs5\pkcs_5_2.c">
      <Filter>misc\pkcs</Filter>
    </ClCompile>
    <ClCompile Include="..\src\modes\cbc\cbc_decrypt.c">
      <Filter>modes\cbc</Filter>
    </ClCompile>
    <ClCompile Include="..\src\modes\cbc\cbc_done.c">
      <Filter>modes\cbc</Filter>
    </ClCompile>
    <ClCompile Include="..\src\modes\cbc\cbc_encrypt.c">
      <Filter>modes\cbc</Filter>
    </ClCompile>
    <ClCompile Include="..\src\modes\cbc\cbc_getiv.c">
      <Filter>modes\cbc</Filter>
    </ClCompile>
    <ClCompile Include="..\src\modes\cbc\cbc_setiv.c">
      <Filter>modes\cbc</Filter>
    </ClCompile>
    <ClCompile Include="..\src\modes\cbc\cbc_start.c">
      <Filter>modes\cbc</Filter>
    </ClCompile>
    <ClCompile Include="..\src\modes\cfb\cfb_decrypt.c">
      <Filter>modes\cfb</Filter>
    </ClCompile>
    <ClCompile Include="..\src\modes\cfb\cfb_done.c">
      <Filter>modes\cfb</Filter>
    </ClCompile>
    <ClCompile Include="..\src\modes\cfb\cfb_encrypt.c">
      <Filter>modes\cfb</Filter>
    </ClCompile>
    <ClCompile Include="..\src\modes\cfb\cfb_getiv.c">
      <Filter>modes\cfb</Filter>
    </ClCompile>
    <ClCompile Include="..\src\modes\cfb\cfb_setiv.c">
      <Filter>modes\cfb</Filter>
    </ClCompile>
    <ClCompile Include="..\src\modes\cfb\cfb_start.c">
      <Filter>modes\cfb</Filter>
    </ClCompile>
    <ClCompile Include="..\src\modes\ctr\ctr_decrypt.c">
      <Filter>modes\ctr</Filter>
    </ClCompile>
    <ClCompile Include="..\src\modes\ctr\ctr_done.c">
      <Filter>modes\ctr</Filter>
    </ClCompile>
    <ClCompile Include="..\src\modes\ctr\ctr_encrypt.c">
      <Filter>modes\ctr</Filter>
    </ClCompile>
    <ClCompile Include="..\src\modes\ctr\ctr_getiv.c">
      <Filter>modes\ctr</Filter>
    </ClCompile>
    <ClCompile Include="..\src\modes\ctr\ctr_setiv.c">
      <Filter>modes\ctr</Filter>
    </ClCompile>
    <ClCompile Include="..\src\modes\ctr\ctr_start.c">
      <Filter>modes\ctr</Filter>
    </ClCompile>
    <ClCompile Include="..\src\modes\ctr\ctr_test.c">
      <Filter>modes\ctr</Filter>
    </ClCompile>
    <ClCompile Include="..\src\modes\ecb\ecb_decrypt.c">
      <Filter>modes\ecb</Filter>
    </ClCompile>
    <ClCompile Include="..\src\modes\ecb\ecb_done.c">
      <Filter>modes\ecb</Filter>
    </ClCompile>
    <ClCompile Include="..\src\modes\ecb\ecb_encrypt.c">
      <Filter>modes\ecb</Filter>
    </ClCompile>
    <ClCompile Include="..\src\modes\ecb\ecb_start.c">
      <Filter>modes\ecb</Filter>
    </ClCompile>
    <ClCompile Include="..\src\modes\f8\f8_decrypt.c">
      <Filter>modes\f8</Filter>
    </ClCompile>
    <ClCompile Include="..\src\modes\f8\f8_done.c">
      <Filter>modes\f8</Filter>
    </ClCompile>
    <ClCompile Include="..\src\modes\f8\f8_encrypt.c">
      <Filter>modes\f8</Filter>
    </ClCompile>
    <ClCompile Include="..\src\modes\f8\f8_getiv.c">
      <Filter>modes\f8</Filter>
    </ClCompile>
    <ClCompile Include="..\src\modes\f8\f8_setiv.c">
      <Filter>modes\f8</Filter>
    </ClCompile>
    <ClCompile Include="..\src\modes\f8\f8_start.c">
      <Filter>modes\f8</Filter>
    </ClCompile>
    <ClCompile Include="..\src\modes\f8\f8_test_mode.c">
      <Filter>modes\f8</Filter>
    </ClCompile>
    <ClCompile Include="..\src\modes\lrw\lrw_decrypt.c">
      <Filter>modes\lrw</Filter>
    </ClCompile>
    <ClCompile Include="..\src\modes\lrw\lrw_done.c">
      <Filter>modes\lrw</Filter>
    </ClCompile>
    <ClCompile Include="..\src\modes\lrw\lrw_encrypt.c">
      <Filter>modes\lrw</Filter>
    </ClCompile>
    <ClCompile Include="..\src\modes\lrw\lrw_getiv.c">
      <Filter>modes\lrw</Filter>
    </ClCompile>
    <ClCompile Include="..\src\modes\lrw\lrw_process.c">
      <Filter>modes\lrw</Filter>
    </ClCompile>
    <ClCompile Include="..\src\modes\lrw\lrw_setiv.c">
      <Filter>modes\lrw</Filter>
    </ClCompile>
    <ClCompile Include="..\src\modes\lrw\lrw_start.c">
      <Filter>modes\lrw</Filter>
    </ClCompile>
    <ClCompile Include="..\src\modes\lrw\lrw_test.c">
      <Filter>modes\lrw</Filter>
    </ClCompile>
    <ClCompile Include="..\src\modes\ofb\ofb_decrypt.c">
      <Filter>modes\ofb</Filter>
    </ClCompile>
    <ClCompile Include="..\src\modes\ofb\ofb_done.c">
      <Filter>modes\ofb</Filter>
    </ClCompile>
    <ClCompile Include="..\src\modes\ofb\ofb_encrypt.c">
      <Filter>modes\ofb</Filter>
    </ClCompile>
    <ClCompile Include="..\src\modes\ofb\ofb_getiv.c">
      <Filter>modes\ofb</Filter>
    </ClCompile>
    <ClCompile Include="..\src\modes\ofb\ofb_setiv.c">
      <Filter>modes\ofb</Filter>
    </ClCompile>
    <ClCompile Include="..\src\modes\ofb\ofb_start.c">
      <Filter>modes\ofb</Filter>
    </ClCompile>
    <ClCompile Include="..\src\modes\xts\xts_decrypt.c">
      <Filter>modes\xts</Filter>
    </ClCompile>
    <ClCompile Include="..\src\modes\xts\xts_done.c">
      <Filter>modes\xts</Filter>
    </ClCompile>
    <ClCompile Include="..\src\modes\xts\xts_encrypt.c">
      <Filter>modes\xts</Filter>
    </ClCompile>
    <ClCompile Include="..\src\modes\xts\xts_init.c">
      <Filter>modes\xts</Filter>
    </ClCompile>
    <ClCompile Include="..\src\modes\xts\xts_mult_x.c">
      <Filter>modes\xts</Filter>
    </ClCompile>
    <ClCompile Include="..\src\modes\xts\xts_test.c">
      <Filter>modes\xts</Filter>
    </ClCompile>
    <ClCompile Include="..\src\pk\asn1\der\bit\der_decode_bit_string.c">
      <Filter>pk\asn1\der\bit</Filter>
    </ClCompile>
    <ClCompile Include="..\src\pk\asn1\der\bit\der_decode_raw_bit_string.c">
      <Filter>pk\asn1\der\bit</Filter>
    </ClCompile>
    <ClCompile Include="..\src\pk\asn1\der\bit\der_encode_bit_string.c">
      <Filter>pk\asn1\der\bit</Filter>
    </ClCompile>
    <ClCompile Include="..\src\pk\asn1\der\bit\der_encode_raw_bit_string.c">
      <Filter>pk\asn1\der\bit</Filter>
    </ClCompile>
    <ClCompile Include="..\src\pk\asn1\der\bit\der_length_bit_string.c">
      <Filter>pk\asn1\der\bit</Filter>
    </ClCompile>
    <ClCompile Include="..\src\pk\asn1\der\boolean\der_decode_boolean.c">
      <Filter>pk\asn1\der\boolean</Filter>
    </ClCompile>
    <ClCompile Include="..\src\pk\asn1\der\boolean\der_encode_boolean.c">
      <Filter>pk\asn1\der\boolean</Filter>
    </ClCompile>
    <ClCompile Include="..\src\pk\asn1\der\boolean\der_length_boolean.c">
      <Filter>pk\asn1\der\boolean</Filter>
    </ClCompile>
    <ClCompile Include="..\src\pk\asn1\der\choice\der_decode_choice.c">
      <Filter>pk\asn1\der\choice</Filter>
    </ClCompile>
    <ClCompile Include="..\src\pk\asn1\der\ia5\der_decode_ia5_string.c">
      <Filter>pk\asn1\der\ia5</Filter>
    </ClCompile>
    <ClCompile Include="..\src\pk\asn1\der\ia5\der_encode_ia5_string.c">
      <Filter>pk\asn1\der\ia5</Filter>
    </ClCompile>
    <ClCompile Include="..\src\pk\asn1\der\ia5\der_length_ia5_string.c">
      <Filter>pk\asn1\der\ia5</Filter>
    </ClCompile>
    <ClCompile Include="..\src\pk\asn1\der\integer\der_decode_integer.c">
      <Filter>pk\asn1\der\integer</Filter>
    </ClCompile>
    <ClCompile Include="..\src\pk\asn1\der\integer\der_encode_integer.c">
      <Filter>pk\asn1\der\integer</Filter>
    </ClCompile>
    <ClCompile Include="..\src\pk\asn1\der\integer\der_length_integer.c">
      <Filter>pk\asn1\der\integer</Filter>
    </ClCompile>
    <ClCompile Include="..\src\pk\asn1\der\object_identifier\der_decode_object_identifier.c">
      <Filter>pk\asn1\der\object_identifier</Filter>
    </ClCompile>
    <ClCompile Include="..\src\pk\asn1\der\object_identifier\der_encode_object_identifier.c">
      <Filter>pk\asn1\der\object_identifier</Filter>
    </ClCompile>
    <ClCompile Include="..\src\pk\asn1\der\object_identifier\der_length_object_identifier.c">
      <Filter>pk\asn1\der\object_identifier</Filter>
    </ClCompile>
    <ClCompile Include="..\src\pk\asn1\der\octet\der_decode_octet_string.c">
      <Filter>pk\asn1\der\octet</Filter>
    </ClCompile>
    <ClCompile Include="..\src\pk\asn1\der\octet\der_encode_octet_string.c">
      <Filter>pk\asn1\der\octet</Filter>
    </ClCompile>
    <ClCompile Include="..\src\pk\asn1\der\octet\der_length_octet_string.c">
      <Filter>pk\asn1\der\octet</Filter>
    </ClCompile>
    <ClCompile Include="..\src\pk\asn1\der\printable_string\der_decode_printable_string.c">
      <Filter>pk\asn1\der\printable_string</Filter>
    </ClCompile>
    <ClCompile Include="..\src\pk\asn1\der\printable_string\der_encode_printable_string.c">
      <Filter>pk\asn1\der\printable_string</Filter>
    </ClCompile>
    <ClCompile Include="..\src\pk\asn1\der\printable_string\der_length_printable_string.c">
      <Filter>pk\asn1\der\printable_string</Filter>
    </ClCompile>
    <ClCompile Include="..\src\pk\asn1\der\sequence\der_decode_sequence_ex.c">
      <Filter>pk\asn1\der\sequence</Filter>
    </ClCompile>
    <ClCompile Include="..\src\pk\asn1\der\sequence\der_decode_sequence_flexi.c">
      <Filter>pk\asn1\der\sequence</Filter>
    </ClCompile>
    <ClCompile Include="..\src\pk\asn1\der\sequence\der_decode_sequence_multi.c">
      <Filter>pk\asn1\der\sequence</Filter>
    </ClCompile>
    <ClCompile Include="..\src\pk\asn1\der\sequence\der_decode_subject_public_key_info.c">
      <Filter>pk\asn1\der\sequence</Filter>
    </ClCompile>
    <ClCompile Include="..\src\pk\asn1\der\sequence\der_encode_sequence_ex.c">
      <Filter>pk\asn1\der\sequence</Filter>
    </ClCompile>
    <ClCompile Include="..\src\pk\asn1\der\sequence\der_encode_sequence_multi.c">
      <Filter>pk\asn1\der\sequence</Filter>
    </ClCompile>
    <ClCompile Include="..\src\pk\asn1\der\sequence\der_encode_subject_public_key_info.c">
      <Filter>pk\asn1\der\sequence</Filter>
    </ClCompile>
    <ClCompile Include="..\src\pk\asn1\der\sequence\der_length_sequence.c">
      <Filter>pk\asn1\der\sequence</Filter>
    </ClCompile>
    <ClCompile Include="..\src\pk\asn1\der\sequence\der_sequence_free.c">
      <Filter>pk\asn1\der\sequence</Filter>
    </ClCompile>
    <ClCompile Include="..\src\pk\asn1\der\set\der_encode_set.c">
      <Filter>pk\asn1\der\set</Filter>
    </ClCompile>
    <ClCompile Include="..\src\pk\asn1\der\set\der_encode_setof.c">
      <Filter>pk\asn1\der\set</Filter>
    </ClCompile>
    <ClCompile Include="..\src\pk\asn1\der\short_integer\der_decode_short_integer.c">
      <Filter>pk\asn1\der\short_integer</Filter>
    </ClCompile>
    <ClCompile Include="..\src\pk\asn1\der\short_integer\der_encode_short_integer.c">
      <Filter>pk\asn1\der\short_integer</Filter>
    </ClCompile>
    <ClCompile Include="..\src\pk\asn1\der\short_integer\der_length_short_integer.c">
      <Filter>pk\asn1\der\short_integer</Filter>
    </ClCompile>
    <ClCompile Include="..\src\pk\asn1\der\utctime\der_decode_utctime.c">
      <Filter>pk\asn1\der\utctime</Filter>
    </ClCompile>
    <ClCompile Include="..\src\pk\asn1\der\utctime\der_encode_utctime.c">
      <Filter>pk\asn1\der\utctime</Filter>
    </ClCompile>
    <ClCompile Include="..\src\pk\asn1\der\utctime\der_length_utctime.c">
      <Filter>pk\asn1\der\utctime</Filter>
    </ClCompile>
    <ClCompile Include="..\src\pk\asn1\der\utf8\der_decode_utf8_string.c">
      <Filter>pk\asn1\der\utf8</Filter>
    </ClCompile>
    <ClCompile Include="..\src\pk\asn1\der\utf8\der_encode_utf8_string.c">
      <Filter>pk\asn1\der\utf8</Filter>
    </ClCompile>
    <ClCompile Include="..\src\pk\asn1\der\utf8\der_length_utf8_string.c">
      <Filter>pk\asn1\der\utf8</Filter>
    </ClCompile>
    <ClCompile Include="..\src\pk\dh\dh.c">
      <Filter>pk\dh</Filter>
    </ClCompile>
    <ClCompile Include="..\src\pk\dsa\dsa_decrypt_key.c">
      <Filter>pk\dsa</Filter>
    </ClCompile>
    <ClCompile Include="..\src\pk\dsa\dsa_encrypt_key.c">
      <Filter>pk\dsa</Filter>
    </ClCompile>
    <ClCompile Include="..\src\pk\dsa\dsa_export.c">
      <Filter>pk\dsa</Filter>
    </ClCompile>
    <ClCompile Include="..\src\pk\dsa\dsa_free.c">
      <Filter>pk\dsa</Filter>
    </ClCompile>
    <ClCompile Include="..\src\pk\dsa\dsa_import.c">
      <Filter>pk\dsa</Filter>
    </ClCompile>
    <ClCompile Include="..\src\pk\dsa\dsa_make_key.c">
      <Filter>pk\dsa</Filter>
    </ClCompile>
    <ClCompile Include="..\src\pk\dsa\dsa_shared_secret.c">
      <Filter>pk\dsa</Filter>
    </ClCompile>
    <ClCompile Include="..\src\pk\dsa\dsa_sign_hash.c">
      <Filter>pk\dsa</Filter>
    </ClCompile>
    <ClCompile Include="..\src\pk\dsa\dsa_verify_hash.c">
      <Filter>pk\dsa</Filter>
    </ClCompile>
    <ClCompile Include="..\src\pk\dsa\dsa_verify_key.c">
      <Filter>pk\dsa</Filter>
    </ClCompile>
    <ClCompile Include="..\src\pk\ecc\ecc.c">
      <Filter>pk\ecc</Filter>
    </ClCompile>
    <ClCompile Include="..\src\pk\ecc\ecc_ansi_x963_export.c">
      <Filter>pk\ecc</Filter>
    </ClCompile>
    <ClCompile Include="..\src\pk\ecc\ecc_ansi_x963_import.c">
      <Filter>pk\ecc</Filter>
    </ClCompile>
    <ClCompile Include="..\src\pk\ecc\ecc_decrypt_key.c">
      <Filter>pk\ecc</Filter>
    </ClCompile>
    <ClCompile Include="..\src\pk\ecc\ecc_encrypt_key.c">
      <Filter>pk\ecc</Filter>
    </ClCompile>
    <ClCompile Include="..\src\pk\ecc\ecc_export.c">
      <Filter>pk\ecc</Filter>
    </ClCompile>
    <ClCompile Include="..\src\pk\ecc\ecc_free.c">
      <Filter>pk\ecc</Filter>
    </ClCompile>
    <ClCompile Include="..\src\pk\ecc\ecc_get_size.c">
      <Filter>pk\ecc</Filter>
    </ClCompile>
    <ClCompile Include="..\src\pk\ecc\ecc_import.c">
      <Filter>pk\ecc</Filter>
    </ClCompile>
    <ClCompile Include="..\src\pk\ecc\ecc_make_key.c">
      <Filter>pk\ecc</Filter>
    </ClCompile>
    <ClCompile Include="..\src\pk\ecc\ecc_shared_secret.c">
      <Filter>pk\ecc</Filter>
    </ClCompile>
    <ClCompile Include="..\src\pk\ecc\ecc_sign_hash.c">
      <Filter>pk\ecc</Filter>
    </ClCompile>
    <ClCompile Include="..\src\pk\ecc\ecc_sizes.c">
      <Filter>pk\ecc</Filter>
    </ClCompile>
    <ClCompile Include="..\src\pk\ecc\ecc_test.c">
      <Filter>pk\ecc</Filter>
    </ClCompile>
    <ClCompile Include="..\src\pk\ecc\ecc_verify_hash.c">
      <Filter>pk\ecc</Filter>
    </ClCompile>
    <ClCompile Include="..\src\pk\ecc\ltc_ecc_is_valid_idx.c">
      <Filter>pk\ecc</Filter>
    </ClCompile>
    <ClCompile Include="..\src\pk\ecc\ltc_ecc_map.c">
      <Filter>pk\ecc</Filter>
    </ClCompile>
    <ClCompile Include="..\src\pk\ecc\ltc_ecc_mul2add.c">
      <Filter>pk\ecc</Filter>
    </ClCompile>
    <ClCompile Include="..\src\pk\ecc\ltc_ecc_mulmod.c">
      <Filter>pk\ecc</Filter>
    </ClCompile>
    <ClCompile Include="..\src\pk\ecc\ltc_ecc_mulmod_timing.c">
      <Filter>pk\ecc</Filter>
    </ClCompile>
    <ClCompile Include="..\src\pk\ecc\ltc_ecc_points.c">
      <Filter>pk\ecc</Filter>
    </ClCompile>
    <ClCompile Include="..\src\pk\ecc\ltc_ecc_projective_add_point.c">
      <Filter>pk\ecc</Filter>
    </ClCompile>
    <ClCompile Include="..\src\pk\ecc\ltc_ecc_projective_dbl_point.c">
      <Filter>pk\ecc</Filter>
    </ClCompile>
    <ClCompile Include="..\src\pk\katja\katja_decrypt_key.c">
      <Filter>pk\katja</Filter>
    </ClCompile>
    <ClCompile Include="..\src\pk\katja\katja_encrypt_key.c">
      <Filter>pk\katja</Filter>
    </ClCompile>
    <ClCompile Include="..\src\pk\katja\katja_export.c">
      <Filter>pk\katja</Filter>
    </ClCompile>
    <ClCompile Include="..\src\pk\katja\katja_exptmod.c">
      <Filter>pk\katja</Filter>
    </ClCompile>
    <ClCompile Include="..\src\pk\katja\katja_free.c">
      <Filter>pk\katja</Filter>
    </ClCompile>
    <ClCompile Include="..\src\pk\katja\katja_import.c">
      <Filter>pk\katja</Filter>
    </ClCompile>
    <ClCompile Include="..\src\pk\katja\katja_make_key.c">
      <Filter>pk\katja</Filter>
    </ClCompile>
    <ClCompile Include="..\src\pk\pkcs1\pkcs_1_i2osp.c">
      <Filter>pk\pkcs1</Filter>
    </ClCompile>
    <ClCompile Include="..\src\pk\pkcs1\pkcs_1_mgf1.c">
      <Filter>pk\pkcs1</Filter>
    </ClCompile>
    <ClCompile Include="..\src\pk\pkcs1\pkcs_1_oaep_decode.c">
      <Filter>pk\pkcs1</Filter>
    </ClCompile>
    <ClCompile Include="..\src\pk\pkcs1\pkcs_1_oaep_encode.c">
      <Filter>pk\pkcs1</Filter>
    </ClCompile>
    <ClCompile Include="..\src\pk\pkcs1\pkcs_1_os2ip.c">
      <Filter>pk\pkcs1</Filter>
    </ClCompile>
    <ClCompile Include="..\src\pk\pkcs1\pkcs_1_pss_decode.c">
      <Filter>pk\pkcs1</Filter>
    </ClCompile>
    <ClCompile Include="..\src\pk\pkcs1\pkcs_1_pss_encode.c">
      <Filter>pk\pkcs1</Filter>
    </ClCompile>
    <ClCompile Include="..\src\pk\pkcs1\pkcs_1_v1_5_decode.c">
      <Filter>pk\pkcs1</Filter>
    </ClCompile>
    <ClCompile Include="..\src\pk\pkcs1\pkcs_1_v1_5_encode.c">
      <Filter>pk\pkcs1</Filter>
    </ClCompile>
    <ClCompile Include="..\src\pk\rsa\rsa_decrypt_key.c">
      <Filter>pk\rsa</Filter>
    </ClCompile>
    <ClCompile Include="..\src\pk\rsa\rsa_encrypt_key.c">
      <Filter>pk\rsa</Filter>
    </ClCompile>
    <ClCompile Include="..\src\pk\rsa\rsa_export.c">
      <Filter>pk\rsa</Filter>
    </ClCompile>
    <ClCompile Include="..\src\pk\rsa\rsa_exptmod.c">
      <Filter>pk\rsa</Filter>
    </ClCompile>
    <ClCompile Include="..\src\pk\rsa\rsa_free.c">
      <Filter>pk\rsa</Filter>
    </ClCompile>
    <ClCompile Include="..\src\pk\rsa\rsa_import.c">
      <Filter>pk\rsa</Filter>
    </ClCompile>
    <ClCompile Include="..\src\pk\rsa\rsa_make_key.c">
      <Filter>pk\rsa</Filter>
    </ClCompile>
    <ClCompile Include="..\src\pk\rsa\rsa_sign_hash.c">
      <Filter>pk\rsa</Filter>
    </ClCompile>
    <ClCompile Include="..\src\pk\rsa\rsa_verify_hash.c">
      <Filter>pk\rsa</Filter>
    </ClCompile>
    <ClCompile Include="..\src\prngs\rc4.c">
      <Filter>prngs</Filter>
    </ClCompile>
    <ClCompile Include="..\src\prngs\rng_get_bytes.c">
      <Filter>prngs</Filter>
    </ClCompile>
    <ClCompile Include="..\src\prngs\rng_make_prng.c">
      <Filter>prngs</Filter>
    </ClCompile>
    <ClCompile Include="..\src\prngs\sprng.c">
      <Filter>prngs</Filter>
    </ClCompile>
  </ItemGroup>
</Project>